// !$*UTF8*$!
{
	archiveVersion = 1;
	classes = {
	};
	objectVersion = 50;
	objects = {

/* Begin PBXBuildFile section */
		0E3A43972524AC0E00D6D89C /* AppDelegate.swift in Sources */ = {isa = PBXBuildFile; fileRef = 0E3A43962524AC0E00D6D89C /* AppDelegate.swift */; };
		0E3A43992524AC0E00D6D89C /* SceneDelegate.swift in Sources */ = {isa = PBXBuildFile; fileRef = 0E3A43982524AC0E00D6D89C /* SceneDelegate.swift */; };
		0E3A439B2524AC0E00D6D89C /* ViewController.swift in Sources */ = {isa = PBXBuildFile; fileRef = 0E3A439A2524AC0E00D6D89C /* ViewController.swift */; };
		0E3A439E2524AC0E00D6D89C /* Main.storyboard in Resources */ = {isa = PBXBuildFile; fileRef = 0E3A439C2524AC0E00D6D89C /* Main.storyboard */; };
		0E3A43A12524AC0E00D6D89C /* ArtList.xcdatamodeld in Sources */ = {isa = PBXBuildFile; fileRef = 0E3A439F2524AC0E00D6D89C /* ArtList.xcdatamodeld */; };
		0E3A43A32524AC1000D6D89C /* Assets.xcassets in Resources */ = {isa = PBXBuildFile; fileRef = 0E3A43A22524AC1000D6D89C /* Assets.xcassets */; };
		0E3A43A62524AC1000D6D89C /* LaunchScreen.storyboard in Resources */ = {isa = PBXBuildFile; fileRef = 0E3A43A42524AC1000D6D89C /* LaunchScreen.storyboard */; };
/* End PBXBuildFile section */

/* Begin PBXFileReference section */
		0E3A43932524AC0E00D6D89C /* ArtList.app */ = {isa = PBXFileReference; explicitFileType = wrapper.application; includeInIndex = 0; path = ArtList.app; sourceTree = BUILT_PRODUCTS_DIR; };
		0E3A43962524AC0E00D6D89C /* AppDelegate.swift */ = {isa = PBXFileReference; lastKnownFileType = sourcecode.swift; path = AppDelegate.swift; sourceTree = "<group>"; };
		0E3A43982524AC0E00D6D89C /* SceneDelegate.swift */ = {isa = PBXFileReference; lastKnownFileType = sourcecode.swift; path = SceneDelegate.swift; sourceTree = "<group>"; };
		0E3A439A2524AC0E00D6D89C /* ViewController.swift */ = {isa = PBXFileReference; lastKnownFileType = sourcecode.swift; path = ViewController.swift; sourceTree = "<group>"; };
		0E3A439D2524AC0E00D6D89C /* Base */ = {isa = PBXFileReference; lastKnownFileType = file.storyboard; name = Base; path = Base.lproj/Main.storyboard; sourceTree = "<group>"; };
		0E3A43A02524AC0E00D6D89C /* ArtList.xcdatamodel */ = {isa = PBXFileReference; lastKnownFileType = wrapper.xcdatamodel; path = ArtList.xcdatamodel; sourceTree = "<group>"; };
		0E3A43A22524AC1000D6D89C /* Assets.xcassets */ = {isa = PBXFileReference; lastKnownFileType = folder.assetcatalog; path = Assets.xcassets; sourceTree = "<group>"; };
		0E3A43A52524AC1000D6D89C /* Base */ = {isa = PBXFileReference; lastKnownFileType = file.storyboard; name = Base; path = Base.lproj/LaunchScreen.storyboard; sourceTree = "<group>"; };
		0E3A43A72524AC1100D6D89C /* Info.plist */ = {isa = PBXFileReference; lastKnownFileType = text.plist.xml; path = Info.plist; sourceTree = "<group>"; };
/* End PBXFileReference section */

/* Begin PBXFrameworksBuildPhase section */
		0E3A43902524AC0E00D6D89C /* Frameworks */ = {
			isa = PBXFrameworksBuildPhase;
			buildActionMask = 2147483647;
			files = (
			);
			runOnlyForDeploymentPostprocessing = 0;
		};
/* End PBXFrameworksBuildPhase section */

/* Begin PBXGroup section */
		0E3A438A2524AC0E00D6D89C = {
			isa = PBXGroup;
			children = (
				0E3A43952524AC0E00D6D89C /* ArtList */,
				0E3A43942524AC0E00D6D89C /* Products */,
			);
			sourceTree = "<group>";
		};
		0E3A43942524AC0E00D6D89C /* Products */ = {
			isa = PBXGroup;
			children = (
				0E3A43932524AC0E00D6D89C /* ArtList.app */,
			);
			name = Products;
			sourceTree = "<group>";
		};
		0E3A43952524AC0E00D6D89C /* ArtList */ = {
			isa = PBXGroup;
			children = (
				0E3A43962524AC0E00D6D89C /* AppDelegate.swift */,
				0E3A43982524AC0E00D6D89C /* SceneDelegate.swift */,
				0E3A439A2524AC0E00D6D89C /* ViewController.swift */,
				0E3A439C2524AC0E00D6D89C /* Main.storyboard */,
				0E3A43A22524AC1000D6D89C /* Assets.xcassets */,
				0E3A43A42524AC1000D6D89C /* LaunchScreen.storyboard */,
				0E3A43A72524AC1100D6D89C /* Info.plist */,
				0E3A439F2524AC0E00D6D89C /* ArtList.xcdatamodeld */,
			);
			path = ArtList;
			sourceTree = "<group>";
		};
/* End PBXGroup section */

/* Begin PBXNativeTarget section */
		0E3A43922524AC0E00D6D89C /* ArtList */ = {
			isa = PBXNativeTarget;
			buildConfigurationList = 0E3A43AA2524AC1100D6D89C /* Build configuration list for PBXNativeTarget "ArtList" */;
			buildPhases = (
				0E3A438F2524AC0E00D6D89C /* Sources */,
				0E3A43902524AC0E00D6D89C /* Frameworks */,
				0E3A43912524AC0E00D6D89C /* Resources */,
			);
			buildRules = (
			);
			dependencies = (
			);
			name = ArtList;
			productName = ArtList;
			productReference = 0E3A43932524AC0E00D6D89C /* ArtList.app */;
			productType = "com.apple.product-type.application";
		};
/* End PBXNativeTarget section */

/* Begin PBXProject section */
		0E3A438B2524AC0E00D6D89C /* Project object */ = {
			isa = PBXProject;
			attributes = {
				LastSwiftUpdateCheck = 1200;
				LastUpgradeCheck = 1200;
				TargetAttributes = {
					0E3A43922524AC0E00D6D89C = {
						CreatedOnToolsVersion = 12.0;
					};
				};
			};
			buildConfigurationList = 0E3A438E2524AC0E00D6D89C /* Build configuration list for PBXProject "ArtList" */;
			compatibilityVersion = "Xcode 9.3";
			developmentRegion = en;
			hasScannedForEncodings = 0;
			knownRegions = (
				en,
				Base,
			);
			mainGroup = 0E3A438A2524AC0E00D6D89C;
			productRefGroup = 0E3A43942524AC0E00D6D89C /* Products */;
			projectDirPath = "";
			projectRoot = "";
			targets = (
				0E3A43922524AC0E00D6D89C /* ArtList */,
			);
		};
/* End PBXProject section */

/* Begin PBXResourcesBuildPhase section */
		0E3A43912524AC0E00D6D89C /* Resources */ = {
			isa = PBXResourcesBuildPhase;
			buildActionMask = 2147483647;
			files = (
				0E3A43A62524AC1000D6D89C /* LaunchScreen.storyboard in Resources */,
				0E3A43A32524AC1000D6D89C /* Assets.xcassets in Resources */,
				0E3A439E2524AC0E00D6D89C /* Main.storyboard in Resources */,
			);
			runOnlyForDeploymentPostprocessing = 0;
		};
/* End PBXResourcesBuildPhase section */

/* Begin PBXSourcesBuildPhase section */
		0E3A438F2524AC0E00D6D89C /* Sources */ = {
			isa = PBXSourcesBuildPhase;
			buildActionMask = 2147483647;
			files = (
				0E3A439B2524AC0E00D6D89C /* ViewController.swift in Sources */,
				0E3A43972524AC0E00D6D89C /* AppDelegate.swift in Sources */,
				0E3A43992524AC0E00D6D89C /* SceneDelegate.swift in Sources */,
				0E3A43A12524AC0E00D6D89C /* ArtList.xcdatamodeld in Sources */,
			);
			runOnlyForDeploymentPostprocessing = 0;
		};
/* End PBXSourcesBuildPhase section */

/* Begin PBXVariantGroup section */
		0E3A439C2524AC0E00D6D89C /* Main.storyboard */ = {
			isa = PBXVariantGroup;
			children = (
				0E3A439D2524AC0E00D6D89C /* Base */,
			);
			name = Main.storyboard;
			sourceTree = "<group>";
		};
		0E3A43A42524AC1000D6D89C /* LaunchScreen.storyboard */ = {
			isa = PBXVariantGroup;
			children = (
				0E3A43A52524AC1000D6D89C /* Base */,
			);
			name = LaunchScreen.storyboard;
			sourceTree = "<group>";
		};
/* End PBXVariantGroup section */

/* Begin XCBuildConfiguration section */
		0E3A43A82524AC1100D6D89C /* Debug */ = {
			isa = XCBuildConfiguration;
			buildSettings = {
				ALWAYS_SEARCH_USER_PATHS = NO;
				CLANG_ANALYZER_NONNULL = YES;
				CLANG_ANALYZER_NUMBER_OBJECT_CONVERSION = YES_AGGRESSIVE;
				CLANG_CXX_LANGUAGE_STANDARD = "gnu++14";
				CLANG_CXX_LIBRARY = "libc++";
				CLANG_ENABLE_MODULES = YES;
				CLANG_ENABLE_OBJC_ARC = YES;
				CLANG_ENABLE_OBJC_WEAK = YES;
				CLANG_WARN_BLOCK_CAPTURE_AUTORELEASING = YES;
				CLANG_WARN_BOOL_CONVERSION = YES;
				CLANG_WARN_COMMA = YES;
				CLANG_WARN_CONSTANT_CONVERSION = YES;
				CLANG_WARN_DEPRECATED_OBJC_IMPLEMENTATIONS = YES;
				CLANG_WARN_DIRECT_OBJC_ISA_USAGE = YES_ERROR;
				CLANG_WARN_DOCUMENTATION_COMMENTS = YES;
				CLANG_WARN_EMPTY_BODY = YES;
				CLANG_WARN_ENUM_CONVERSION = YES;
				CLANG_WARN_INFINITE_RECURSION = YES;
				CLANG_WARN_INT_CONVERSION = YES;
				CLANG_WARN_NON_LITERAL_NULL_CONVERSION = YES;
				CLANG_WARN_OBJC_IMPLICIT_RETAIN_SELF = YES;
				CLANG_WARN_OBJC_LITERAL_CONVERSION = YES;
				CLANG_WARN_OBJC_ROOT_CLASS = YES_ERROR;
				CLANG_WARN_QUOTED_INCLUDE_IN_FRAMEWORK_HEADER = YES;
				CLANG_WARN_RANGE_LOOP_ANALYSIS = YES;
				CLANG_WARN_STRICT_PROTOTYPES = YES;
				CLANG_WARN_SUSPICIOUS_MOVE = YES;
				CLANG_WARN_UNGUARDED_AVAILABILITY = YES_AGGRESSIVE;
				CLANG_WARN_UNREACHABLE_CODE = YES;
				CLANG_WARN__DUPLICATE_METHOD_MATCH = YES;
				COPY_PHASE_STRIP = NO;
				DEBUG_INFORMATION_FORMAT = dwarf;
				ENABLE_STRICT_OBJC_MSGSEND = YES;
				ENABLE_TESTABILITY = YES;
				GCC_C_LANGUAGE_STANDARD = gnu11;
				GCC_DYNAMIC_NO_PIC = NO;
				GCC_NO_COMMON_BLOCKS = YES;
				GCC_OPTIMIZATION_LEVEL = 0;
				GCC_PREPROCESSOR_DEFINITIONS = (
					"DEBUG=1",
					"$(inherited)",
				);
				GCC_WARN_64_TO_32_BIT_CONVERSION = YES;
				GCC_WARN_ABOUT_RETURN_TYPE = YES_ERROR;
				GCC_WARN_UNDECLARED_SELECTOR = YES;
				GCC_WARN_UNINITIALIZED_AUTOS = YES_AGGRESSIVE;
				GCC_WARN_UNUSED_FUNCTION = YES;
				GCC_WARN_UNUSED_VARIABLE = YES;
				IPHONEOS_DEPLOYMENT_TARGET = 14.0;
				MTL_ENABLE_DEBUG_INFO = INCLUDE_SOURCE;
				MTL_FAST_MATH = YES;
				ONLY_ACTIVE_ARCH = YES;
				SDKROOT = iphoneos;
				SWIFT_ACTIVE_COMPILATION_CONDITIONS = DEBUG;
				SWIFT_OPTIMIZATION_LEVEL = "-Onone";
			};
			name = Debug;
		};
		0E3A43A92524AC1100D6D89C /* Release */ = {
			isa = XCBuildConfiguration;
			buildSettings = {
				ALWAYS_SEARCH_USER_PATHS = NO;
				CLANG_ANALYZER_NONNULL = YES;
				CLANG_ANALYZER_NUMBER_OBJECT_CONVERSION = YES_AGGRESSIVE;
				CLANG_CXX_LANGUAGE_STANDARD = "gnu++14";
				CLANG_CXX_LIBRARY = "libc++";
				CLANG_ENABLE_MODULES = YES;
				CLANG_ENABLE_OBJC_ARC = YES;
				CLANG_ENABLE_OBJC_WEAK = YES;
				CLANG_WARN_BLOCK_CAPTURE_AUTORELEASING = YES;
				CLANG_WARN_BOOL_CONVERSION = YES;
				CLANG_WARN_COMMA = YES;
				CLANG_WARN_CONSTANT_CONVERSION = YES;
				CLANG_WARN_DEPRECATED_OBJC_IMPLEMENTATIONS = YES;
				CLANG_WARN_DIRECT_OBJC_ISA_USAGE = YES_ERROR;
				CLANG_WARN_DOCUMENTATION_COMMENTS = YES;
				CLANG_WARN_EMPTY_BODY = YES;
				CLANG_WARN_ENUM_CONVERSION = YES;
				CLANG_WARN_INFINITE_RECURSION = YES;
				CLANG_WARN_INT_CONVERSION = YES;
				CLANG_WARN_NON_LITERAL_NULL_CONVERSION = YES;
				CLANG_WARN_OBJC_IMPLICIT_RETAIN_SELF = YES;
				CLANG_WARN_OBJC_LITERAL_CONVERSION = YES;
				CLANG_WARN_OBJC_ROOT_CLASS = YES_ERROR;
				CLANG_WARN_QUOTED_INCLUDE_IN_FRAMEWORK_HEADER = YES;
				CLANG_WARN_RANGE_LOOP_ANALYSIS = YES;
				CLANG_WARN_STRICT_PROTOTYPES = YES;
				CLANG_WARN_SUSPICIOUS_MOVE = YES;
				CLANG_WARN_UNGUARDED_AVAILABILITY = YES_AGGRESSIVE;
				CLANG_WARN_UNREACHABLE_CODE = YES;
				CLANG_WARN__DUPLICATE_METHOD_MATCH = YES;
				COPY_PHASE_STRIP = NO;
				DEBUG_INFORMATION_FORMAT = "dwarf-with-dsym";
				ENABLE_NS_ASSERTIONS = NO;
				ENABLE_STRICT_OBJC_MSGSEND = YES;
				GCC_C_LANGUAGE_STANDARD = gnu11;
				GCC_NO_COMMON_BLOCKS = YES;
				GCC_WARN_64_TO_32_BIT_CONVERSION = YES;
				GCC_WARN_ABOUT_RETURN_TYPE = YES_ERROR;
				GCC_WARN_UNDECLARED_SELECTOR = YES;
				GCC_WARN_UNINITIALIZED_AUTOS = YES_AGGRESSIVE;
				GCC_WARN_UNUSED_FUNCTION = YES;
				GCC_WARN_UNUSED_VARIABLE = YES;
				IPHONEOS_DEPLOYMENT_TARGET = 14.0;
				MTL_ENABLE_DEBUG_INFO = NO;
				MTL_FAST_MATH = YES;
				SDKROOT = iphoneos;
				SWIFT_COMPILATION_MODE = wholemodule;
				SWIFT_OPTIMIZATION_LEVEL = "-O";
				VALIDATE_PRODUCT = YES;
			};
			name = Release;
		};
		0E3A43AB2524AC1100D6D89C /* Debug */ = {
			isa = XCBuildConfiguration;
			buildSettings = {
				ASSETCATALOG_COMPILER_APPICON_NAME = AppIcon;
				ASSETCATALOG_COMPILER_GLOBAL_ACCENT_COLOR_NAME = AccentColor;
				CODE_SIGN_STYLE = Automatic;
				INFOPLIST_FILE = ArtList/Info.plist;
				LD_RUNPATH_SEARCH_PATHS = (
					"$(inherited)",
					"@executable_path/Frameworks",
				);
				PRODUCT_BUNDLE_IDENTIFIER = com.hktech.ArtList;
				PRODUCT_NAME = "$(TARGET_NAME)";
				SWIFT_VERSION = 5.0;
				TARGETED_DEVICE_FAMILY = "1,2";
			};
			name = Debug;
		};
		0E3A43AC2524AC1100D6D89C /* Release */ = {
			isa = XCBuildConfiguration;
			buildSettings = {
				ASSETCATALOG_COMPILER_APPICON_NAME = AppIcon;
				ASSETCATALOG_COMPILER_GLOBAL_ACCENT_COLOR_NAME = AccentColor;
				CODE_SIGN_STYLE = Automatic;
				INFOPLIST_FILE = ArtList/Info.plist;
				LD_RUNPATH_SEARCH_PATHS = (
					"$(inherited)",
					"@executable_path/Frameworks",
				);
				PRODUCT_BUNDLE_IDENTIFIER = com.hktech.ArtList;
				PRODUCT_NAME = "$(TARGET_NAME)";
				SWIFT_VERSION = 5.0;
				TARGETED_DEVICE_FAMILY = "1,2";
			};
			name = Release;
		};
/* End XCBuildConfiguration section */

/* Begin XCConfigurationList section */
		0E3A438E2524AC0E00D6D89C /* Build configuration list for PBXProject "ArtList" */ = {
			isa = XCConfigurationList;
			buildConfigurations = (
				0E3A43A82524AC1100D6D89C /* Debug */,
				0E3A43A92524AC1100D6D89C /* Release */,
			);
			defaultConfigurationIsVisible = 0;
			defaultConfigurationName = Release;
		};
		0E3A43AA2524AC1100D6D89C /* Build configuration list for PBXNativeTarget "ArtList" */ = {
			isa = XCConfigurationList;
			buildConfigurations = (
				0E3A43AB2524AC1100D6D89C /* Debug */,
				0E3A43AC2524AC1100D6D89C /* Release */,
			);
			defaultConfigurationIsVisible = 0;
			defaultConfigurationName = Release;
		};
/* End XCConfigurationList section */

/* Begin XCVersionGroup section */
		0E3A439F2524AC0E00D6D89C /* ArtList.xcdatamodeld */ = {
			isa = XCVersionGroup;
			children = (
				0E3A43A02524AC0E00D6D89C /* ArtList.xcdatamodel */,
			);
			currentVersion = 0E3A43A02524AC0E00D6D89C /* ArtList.xcdatamodel */;
			path = ArtList.xcdatamodeld;
			sourceTree = "<group>";
			versionGroupType = wrapper.xcdatamodel;
		};
/* End XCVersionGroup section */
	};
	rootObject = 0E3A438B2524AC0E00D6D89C /* Project object */;
}
